
Microsoft Visual Studio Solution File, Format Version 12.00
# Visual Studio Version 16
VisualStudioVersion = 16.0.30804.86
MinimumVisualStudioVersion = 10.0.40219.1
Project("{8BC9CEB8-8B4A-11D0-8D11-00A0C91BC942}") = "Shade", "Shade\Shade.vcxproj", "{C9492E23-52A9-4F2C-9500-9B21A89AA08C}"
EndProject
Project("{8BC9CEB8-8B4A-11D0-8D11-00A0C91BC942}") = "Shade Editor", "Shade Editor\Shade Editor.vcxproj", "{760A3ED1-C670-46E7-8AA9-6C967D5AAEC9}"
EndProject
Project("{2150E333-8FDC-42A3-9474-1A3956D46DE8}") = "Dependencies", "Dependencies", "{75284985-7916-4E0F-BDE4-76F5716DAD14}"
EndProject
Project("{8BC9CEB8-8B4A-11D0-8D11-00A0C91BC942}") = "ImGui", "Shade\vendors\ImGui\ImGui.vcxproj", "{75D29310-E330-4827-9F26-824CFE827C4C}"
EndProject
Project("{8BC9CEB8-8B4A-11D0-8D11-00A0C91BC942}") = "SDL2", "Shade\vendors\SDL2\VisualC\SDL\SDL.vcxproj", "{81CE8DAF-EBB2-4761-8E45-B71ABCCA8C68}"
EndProject
Global
	GlobalSection(SolutionConfigurationPlatforms) = preSolution
		Debug|x64 = Debug|x64
		Debug|x86 = Debug|x86
		Release|x64 = Release|x64
		Release|x86 = Release|x86
	EndGlobalSection
	GlobalSection(ProjectConfigurationPlatforms) = postSolution
		{C9492E23-52A9-4F2C-9500-9B21A89AA08C}.Debug|x64.ActiveCfg = Debug|x64
		{C9492E23-52A9-4F2C-9500-9B21A89AA08C}.Debug|x64.Build.0 = Debug|x64
		{C9492E23-52A9-4F2C-9500-9B21A89AA08C}.Debug|x86.ActiveCfg = Debug|Win32
		{C9492E23-52A9-4F2C-9500-9B21A89AA08C}.Debug|x86.Build.0 = Debug|Win32
		{C9492E23-52A9-4F2C-9500-9B21A89AA08C}.Release|x64.ActiveCfg = Release|x64
		{C9492E23-52A9-4F2C-9500-9B21A89AA08C}.Release|x64.Build.0 = Release|x64
		{C9492E23-52A9-4F2C-9500-9B21A89AA08C}.Release|x86.ActiveCfg = Release|Win32
		{C9492E23-52A9-4F2C-9500-9B21A89AA08C}.Release|x86.Build.0 = Release|Win32
		{760A3ED1-C670-46E7-8AA9-6C967D5AAEC9}.Debug|x64.ActiveCfg = Debug|x64
		{760A3ED1-C670-46E7-8AA9-6C967D5AAEC9}.Debug|x64.Build.0 = Debug|x64
		{760A3ED1-C670-46E7-8AA9-6C967D5AAEC9}.Debug|x86.ActiveCfg = Debug|Win32
		{760A3ED1-C670-46E7-8AA9-6C967D5AAEC9}.Debug|x86.Build.0 = Debug|Win32
		{760A3ED1-C670-46E7-8AA9-6C967D5AAEC9}.Release|x64.ActiveCfg = Release|x64
		{760A3ED1-C670-46E7-8AA9-6C967D5AAEC9}.Release|x64.Build.0 = Release|x64
		{760A3ED1-C670-46E7-8AA9-6C967D5AAEC9}.Release|x86.ActiveCfg = Release|Win32
		{760A3ED1-C670-46E7-8AA9-6C967D5AAEC9}.Release|x86.Build.0 = Release|Win32
		{75D29310-E330-4827-9F26-824CFE827C4C}.Debug|x64.ActiveCfg = Debug|x64
		{75D29310-E330-4827-9F26-824CFE827C4C}.Debug|x64.Build.0 = Debug|x64
		{75D29310-E330-4827-9F26-824CFE827C4C}.Debug|x86.ActiveCfg = Debug|Win32
		{75D29310-E330-4827-9F26-824CFE827C4C}.Debug|x86.Build.0 = Debug|Win32
		{75D29310-E330-4827-9F26-824CFE827C4C}.Release|x64.ActiveCfg = Release|x64
		{75D29310-E330-4827-9F26-824CFE827C4C}.Release|x64.Build.0 = Release|x64
		{75D29310-E330-4827-9F26-824CFE827C4C}.Release|x86.ActiveCfg = Release|Win32
		{75D29310-E330-4827-9F26-824CFE827C4C}.Release|x86.Build.0 = Release|Win32
		{81CE8DAF-EBB2-4761-8E45-B71ABCCA8C68}.Debug|x64.ActiveCfg = Debug|x64
		{81CE8DAF-EBB2-4761-8E45-B71ABCCA8C68}.Debug|x64.Build.0 = Debug|x64
		{81CE8DAF-EBB2-4761-8E45-B71ABCCA8C68}.Debug|x86.ActiveCfg = Debug|Win32
		{81CE8DAF-EBB2-4761-8E45-B71ABCCA8C68}.Debug|x86.Build.0 = Debug|Win32
		{81CE8DAF-EBB2-4761-8E45-B71ABCCA8C68}.Release|x64.ActiveCfg = Release|x64
		{81CE8DAF-EBB2-4761-8E45-B71ABCCA8C68}.Release|x64.Build.0 = Release|x64
		{81CE8DAF-EBB2-4761-8E45-B71ABCCA8C68}.Release|x86.ActiveCfg = Release|Win32
		{81CE8DAF-EBB2-4761-8E45-B71ABCCA8C68}.Release|x86.Build.0 = Release|Win32
	EndGlobalSection
	GlobalSection(SolutionProperties) = preSolution
		HideSolutionNode = FALSE
	EndGlobalSection
	GlobalSection(NestedProjects) = preSolution
		{75D29310-E330-4827-9F26-824CFE827C4C} = {75284985-7916-4E0F-BDE4-76F5716DAD14}
		{81CE8DAF-EBB2-4761-8E45-B71ABCCA8C68} = {75284985-7916-4E0F-BDE4-76F5716DAD14}
	EndGlobalSection
	GlobalSection(ExtensibilityGlobals) = postSolution
		SolutionGuid = {223A5C65-9F3F-4BB7-A25E-1BC386B48FB0}
	EndGlobalSection
EndGlobal
