<?xml version="1.0" encoding="utf-8"?>
<Project ToolsVersion="4.0" xmlns="http://schemas.microsoft.com/developer/msbuild/2003">
  <ItemGroup>
    <Filter Include="Core">
      <UniqueIdentifier>{3286aab8-2ed0-4fc6-83e0-4c984717ec72}</UniqueIdentifier>
    </Filter>
    <Filter Include="Core\Engine">
      <UniqueIdentifier>{456672a2-3e16-4a69-85d3-5d5edd2b037d}</UniqueIdentifier>
    </Filter>
    <Filter Include="Vendors">
      <UniqueIdentifier>{0ef7cab3-ffca-4079-92c8-aae50798b837}</UniqueIdentifier>
    </Filter>
    <Filter Include="Core\Util">
      <UniqueIdentifier>{e95e9bf6-5895-4a16-a629-01e9e549e316}</UniqueIdentifier>
    </Filter>
    <Filter Include="Core\Engine\Asset">
      <UniqueIdentifier>{22c4f3dd-321c-4821-8056-1b3ac7a9ab52}</UniqueIdentifier>
    </Filter>
    <Filter Include="Core\Engine\Render">
      <UniqueIdentifier>{02f4ef8e-426b-47f8-a928-d5a4537ed5f5}</UniqueIdentifier>
    </Filter>
    <Filter Include="Core\Engine\Input">
      <UniqueIdentifier>{d92344b5-c27f-4bf5-84dc-30c9a1174486}</UniqueIdentifier>
    </Filter>
    <Filter Include="Core\Engine\Scipts">
      <UniqueIdentifier>{a285ab2c-01e7-497e-899d-1e858fd70954}</UniqueIdentifier>
    </Filter>
    <Filter Include="Core\Engine\Scipts\Controllers">
      <UniqueIdentifier>{82109fd4-b400-4687-9afe-b7caa38c780b}</UniqueIdentifier>
    </Filter>
    <Filter Include="Core\Engine\Time">
      <UniqueIdentifier>{abe51aaf-1e06-4da6-a521-141e64848106}</UniqueIdentifier>
    </Filter>
    <Filter Include="Core\Engine\Environment">
      <UniqueIdentifier>{1fa300fb-621e-4bc1-8fe1-d2d418f00fb5}</UniqueIdentifier>
    </Filter>
  </ItemGroup>
  <ItemGroup>
    <ClInclude Include="libraries\include\Shade\Core\CoreAPI.h">
      <Filter>Core</Filter>
    </ClInclude>
    <ClInclude Include="libraries\include\Shade\Core\Engine\Application.h">
      <Filter>Core\Engine</Filter>
    </ClInclude>
    <ClInclude Include="libraries\include\Shade\Core\Main.h">
      <Filter>Core</Filter>
    </ClInclude>
    <ClInclude Include="libraries\include\Shade\Shade.h" />
    <ClInclude Include="libraries\include\Shade\Core\Engine\Scene.h">
      <Filter>Core\Engine</Filter>
    </ClInclude>
    <ClInclude Include="libraries\include\stdafx.h" />
    <ClInclude Include="libraries\include\Vendors\entt\entt.hpp">
      <Filter>Vendors</Filter>
    </ClInclude>
    <ClInclude Include="libraries\include\Shade\Core\Util\ShadeException.h">
      <Filter>Core\Util</Filter>
    </ClInclude>
    <ClInclude Include="libraries\include\Shade\Core\Util\Log.h">
      <Filter>Core\Util</Filter>
    </ClInclude>
    <ClInclude Include="libraries\include\Shade\Core\Util\Macros.h">
      <Filter>Core\Util</Filter>
    </ClInclude>
    <ClInclude Include="libraries\include\Shade\Core\Engine\WindowManager.h">
      <Filter>Core\Engine</Filter>
    </ClInclude>
    <ClInclude Include="libraries\include\Vendors\glad\glad.h">
      <Filter>Vendors</Filter>
    </ClInclude>
    <ClInclude Include="libraries\include\Shade\Core\Engine\EventManager.h">
      <Filter>Core\Engine</Filter>
    </ClInclude>
    <ClInclude Include="libraries\include\Shade\Core\Engine\Layer.h">
      <Filter>Core\Engine</Filter>
    </ClInclude>
    <ClInclude Include="libraries\include\Shade\Core\Engine\Entity.h">
      <Filter>Core\Engine</Filter>
    </ClInclude>
    <ClInclude Include="libraries\include\Shade\Core\Engine\Components.h">
      <Filter>Core\Engine</Filter>
    </ClInclude>
    <ClInclude Include="libraries\include\Shade\Core\Engine\Asset.h">
      <Filter>Core\Engine\Asset</Filter>
    </ClInclude>
    <ClInclude Include="libraries\include\Shade\Core\Engine\AssetData.h">
      <Filter>Core\Engine\Asset</Filter>
    </ClInclude>
    <ClInclude Include="libraries\include\Shade\Core\Engine\AssetManager.h">
      <Filter>Core\Engine\Asset</Filter>
    </ClInclude>
    <ClInclude Include="libraries\include\Shade\Core\Util\Binarizer.h">
      <Filter>Core\Util</Filter>
    </ClInclude>
    <ClInclude Include="libraries\include\Shade\Core\Engine\Transform.h">
      <Filter>Core\Engine\Render</Filter>
    </ClInclude>
    <ClInclude Include="libraries\include\Shade\Core\Engine\Shader.h">
      <Filter>Core\Engine\Render</Filter>
    </ClInclude>
    <ClInclude Include="libraries\include\Shade\Core\Engine\Model3D.h">
      <Filter>Core\Engine\Render</Filter>
    </ClInclude>
    <ClInclude Include="libraries\include\Shade\Core\Engine\Mesh.h">
      <Filter>Core\Engine\Render</Filter>
    </ClInclude>
    <ClInclude Include="libraries\include\Shade\Core\Engine\Vertex.h">
      <Filter>Core\Engine\Render</Filter>
    </ClInclude>
    <ClInclude Include="libraries\include\Shade\Core\Engine\Drawable.h">
      <Filter>Core\Engine\Render</Filter>
    </ClInclude>
    <ClInclude Include="libraries\include\Shade\Core\Engine\Camera.h">
      <Filter>Core\Engine\Render</Filter>
    </ClInclude>
    <ClInclude Include="libraries\include\Shade\Core\Engine\Renderer.h">
      <Filter>Core\Engine\Render</Filter>
    </ClInclude>
    <ClInclude Include="libraries\include\Shade\Core\Engine\Texture.h">
      <Filter>Core\Engine\Render</Filter>
    </ClInclude>
    <ClInclude Include="libraries\include\Shade\Core\Engine\Input.h">
      <Filter>Core\Engine\Input</Filter>
    </ClInclude>
    <ClInclude Include="libraries\include\Shade\Core\Engine\Controllers.h">
      <Filter>Core\Engine\Scipts\Controllers</Filter>
    </ClInclude>
    <ClInclude Include="libraries\include\Shade\Core\Engine\ScriptableEntity.h">
      <Filter>Core\Engine\Scipts</Filter>
    </ClInclude>
    <ClInclude Include="libraries\include\Shade\Core\Engine\Timer.h">
      <Filter>Core\Engine\Time</Filter>
    </ClInclude>
    <ClInclude Include="libraries\include\Shade\Core\Engine\Environment.h">
      <Filter>Core\Engine\Environment</Filter>
    </ClInclude>
    <ClInclude Include="libraries\include\Shade\Core\Engine\Light.h">
      <Filter>Core\Engine\Environment</Filter>
    </ClInclude>
    <ClInclude Include="libraries\include\Shade\Core\Engine\GeneralLight.h">
      <Filter>Core\Engine\Environment</Filter>
    </ClInclude>
    <ClInclude Include="libraries\include\Shade\Core\Engine\PointLight.h">
      <Filter>Core\Engine\Environment</Filter>
    </ClInclude>
    <ClInclude Include="libraries\include\Shade\Core\Engine\SpotLight.h">
      <Filter>Core\Engine\Environment</Filter>
    </ClInclude>
    <ClInclude Include="libraries\include\Shade\Core\Engine\Material.h">
      <Filter>Core\Engine\Render</Filter>
    </ClInclude>
  </ItemGroup>
  <ItemGroup>
    <ClCompile Include="libraries\include\Shade\Core\Engine\Application.cpp">
      <Filter>Core\Engine</Filter>
    </ClCompile>
    <ClCompile Include="libraries\include\Shade\Core\Engine\Scene.cpp">
      <Filter>Core\Engine</Filter>
    </ClCompile>
    <ClCompile Include="libraries\include\stdafx.cpp" />
    <ClCompile Include="libraries\include\Shade\Core\Util\ShadeException.cpp">
      <Filter>Core\Util</Filter>
    </ClCompile>
    <ClCompile Include="libraries\include\Shade\Core\Util\Log.cpp">
      <Filter>Core\Util</Filter>
    </ClCompile>
    <ClCompile Include="libraries\include\Shade\Core\Engine\WindowManager.cpp">
      <Filter>Core\Engine</Filter>
    </ClCompile>
    <ClCompile Include="libraries\include\Vendors\glad\glad.c">
      <Filter>Vendors</Filter>
    </ClCompile>
    <ClCompile Include="libraries\include\Shade\Core\Engine\EventManager.cpp">
      <Filter>Core\Engine</Filter>
    </ClCompile>
    <ClCompile Include="libraries\include\Shade\Core\Engine\Layer.cpp">
      <Filter>Core\Engine</Filter>
    </ClCompile>
    <ClCompile Include="libraries\include\Shade\Core\Engine\Entity.cpp">
      <Filter>Core\Engine</Filter>
    </ClCompile>
    <ClCompile Include="libraries\include\Shade\Core\Engine\Asset.cpp">
      <Filter>Core\Engine\Asset</Filter>
    </ClCompile>
    <ClCompile Include="libraries\include\Shade\Core\Engine\AssetManager.cpp">
      <Filter>Core\Engine\Asset</Filter>
    </ClCompile>
    <ClCompile Include="libraries\include\Shade\Core\Engine\Transform.cpp">
      <Filter>Core\Engine\Render</Filter>
    </ClCompile>
    <ClCompile Include="libraries\include\Shade\Core\Engine\Shader.cpp">
      <Filter>Core\Engine\Render</Filter>
    </ClCompile>
    <ClCompile Include="libraries\include\Shade\Core\Engine\Model3D.cpp">
      <Filter>Core\Engine\Render</Filter>
    </ClCompile>
    <ClCompile Include="libraries\include\Shade\Core\Engine\Mesh.cpp">
      <Filter>Core\Engine\Render</Filter>
    </ClCompile>
    <ClCompile Include="libraries\include\Shade\Core\Engine\Vertex.cpp">
      <Filter>Core\Engine\Render</Filter>
    </ClCompile>
    <ClCompile Include="libraries\include\Shade\Core\Engine\Drawable.cpp">
      <Filter>Core\Engine\Render</Filter>
    </ClCompile>
    <ClCompile Include="libraries\include\Shade\Core\Engine\Camera.cpp">
      <Filter>Core\Engine\Render</Filter>
    </ClCompile>
    <ClCompile Include="libraries\include\Shade\Core\Engine\Renderer.cpp">
      <Filter>Core\Engine\Render</Filter>
    </ClCompile>
    <ClCompile Include="libraries\include\Shade\Core\Engine\Texture.cpp">
      <Filter>Core\Engine\Render</Filter>
    </ClCompile>
    <ClCompile Include="libraries\include\Shade\Core\Engine\Input.cpp">
      <Filter>Core\Engine\Input</Filter>
    </ClCompile>
    <ClCompile Include="libraries\include\Shade\Core\Engine\Controllers.cpp">
      <Filter>Core\Engine\Scipts\Controllers</Filter>
    </ClCompile>
    <ClCompile Include="libraries\include\Shade\Core\Engine\ScriptableEntity.cpp">
      <Filter>Core\Engine\Scipts</Filter>
    </ClCompile>
    <ClCompile Include="libraries\include\Shade\Core\Engine\Timer.cpp">
      <Filter>Core\Engine\Time</Filter>
    </ClCompile>
    <ClCompile Include="libraries\include\Shade\Core\Engine\Environment.cpp">
      <Filter>Core\Engine\Environment</Filter>
    </ClCompile>
    <ClCompile Include="libraries\include\Shade\Core\Engine\Light.cpp">
      <Filter>Core\Engine\Environment</Filter>
    </ClCompile>
    <ClCompile Include="libraries\include\Shade\Core\Engine\GeneralLight.cpp">
      <Filter>Core\Engine\Environment</Filter>
    </ClCompile>
    <ClCompile Include="libraries\include\Shade\Core\Engine\PointLight.cpp">
      <Filter>Core\Engine\Environment</Filter>
    </ClCompile>
    <ClCompile Include="libraries\include\Shade\Core\Engine\SpotLight.cpp">
      <Filter>Core\Engine\Environment</Filter>
    </ClCompile>
    <ClCompile Include="libraries\include\Shade\Core\Engine\Material.cpp">
      <Filter>Core\Engine\Render</Filter>
    </ClCompile>
  </ItemGroup>
</Project>