<?xml version="1.0" encoding="utf-8"?>
<Project ToolsVersion="4.0" xmlns="http://schemas.microsoft.com/developer/msbuild/2003">
  <ItemGroup>
    <ClInclude Include="libraries\include\Shade Editor\MainLayer.h">
      <Filter>Layers</Filter>
    </ClInclude>
    <ClInclude Include="libraries\include\Shade Editor\MainScene.h">
      <Filter>Scene</Filter>
    </ClInclude>
    <ClInclude Include="libraries\include\Shade Editor\ShadeEditor.h">
      <Filter>Application</Filter>
    </ClInclude>
    <ClInclude Include="libraries\include\Vendors\stbi\stb_image.h">
      <Filter>Vendors</Filter>
    </ClInclude>
    <ClInclude Include="libraries\include\Shade Editor\Serrializer.h" />
    <ClInclude Include="libraries\include\Shade Editor\GuiLayer.h">
      <Filter>Layers</Filter>
    </ClInclude>
  </ItemGroup>
  <ItemGroup>
    <ClCompile Include="libraries\include\Shade Editor\MainLayer.cpp">
      <Filter>Layers</Filter>
    </ClCompile>
    <ClCompile Include="libraries\include\Shade Editor\MainScene.cpp">
      <Filter>Scene</Filter>
    </ClCompile>
    <ClCompile Include="libraries\include\Shade Editor\ShadeEditor.cpp">
      <Filter>Application</Filter>
    </ClCompile>
    <ClCompile Include="libraries\include\Vendors\stbi\stb_image.c">
      <Filter>Vendors</Filter>
    </ClCompile>
    <ClCompile Include="libraries\include\Shade Editor\Serrializer.cpp" />
    <ClCompile Include="libraries\include\Shade Editor\GuiLayer.cpp">
      <Filter>Layers</Filter>
    </ClCompile>
  </ItemGroup>
  <ItemGroup>
    <Filter Include="Scene">
      <UniqueIdentifier>{9192bb99-19d7-4a3c-bf54-5f6afc899da7}</UniqueIdentifier>
    </Filter>
    <Filter Include="Application">
      <UniqueIdentifier>{5085ae01-a553-4a43-979e-387c742fb766}</UniqueIdentifier>
    </Filter>
    <Filter Include="Shaders">
      <UniqueIdentifier>{0192582a-01d7-4a4a-80e5-b0479045f04f}</UniqueIdentifier>
    </Filter>
    <Filter Include="Vendors">
      <UniqueIdentifier>{caf50bda-6e7f-4a80-8369-3a4455018288}</UniqueIdentifier>
    </Filter>
    <Filter Include="Shaders\Models">
      <UniqueIdentifier>{82343a84-7b41-4731-bcc8-ab8c8e675e8e}</UniqueIdentifier>
    </Filter>
    <Filter Include="Shaders\Sprite">
      <UniqueIdentifier>{e3791f81-50d6-41dc-8e27-7d5db2469438}</UniqueIdentifier>
    </Filter>
    <Filter Include="Layers">
      <UniqueIdentifier>{9b8250b1-f5f4-4356-8b0a-e83961b7b041}</UniqueIdentifier>
    </Filter>
    <Filter Include="Shaders\Primitives">
      <UniqueIdentifier>{b3b6358a-d9d5-4df2-9495-b000cdaabddb}</UniqueIdentifier>
    </Filter>
  </ItemGroup>
  <ItemGroup>
    <None Include="project\resources\shaders\BasicModelFragment.glsl">
      <Filter>Shaders\Models</Filter>
    </None>
    <None Include="project\resources\shaders\BasicModelVertex.glsl">
      <Filter>Shaders\Models</Filter>
    </None>
    <None Include="project\resources\shaders\FragmentUtility.glsl">
      <Filter>Shaders\Models</Filter>
    </None>
    <None Include="project\resources\shaders\VertexUtility.glsl">
      <Filter>Shaders\Models</Filter>
    </None>
    <None Include="project\resources\shaders\Ligthing.glsl">
      <Filter>Shaders\Models</Filter>
    </None>
    <None Include="project\resources\shaders\SpriteVertex.glsl">
      <Filter>Shaders\Sprite</Filter>
    </None>
    <None Include="project\resources\shaders\SpriteFragment.glsl">
      <Filter>Shaders\Sprite</Filter>
    </None>
    <None Include="project\resources\shaders\GridVertex.glsl">
      <Filter>Shaders\Primitives</Filter>
    </None>
    <None Include="project\resources\shaders\GridFragment.glsl">
      <Filter>Shaders\Primitives</Filter>
    </None>
  </ItemGroup>
</Project>