<?xml version="1.0" encoding="utf-8"?>
<Project ToolsVersion="4.0" xmlns="http://schemas.microsoft.com/developer/msbuild/2003">
  <ItemGroup>
    <ClInclude Include="libraries\include\Shade Editor\Serializer.h" />
    <ClInclude Include="libraries\include\Shade Editor\MainLayer.h">
      <Filter>Layer</Filter>
    </ClInclude>
    <ClInclude Include="libraries\include\Shade Editor\MainScene.h">
      <Filter>Scene</Filter>
    </ClInclude>
    <ClInclude Include="libraries\include\Shade Editor\ShadeEditor.h">
      <Filter>Application</Filter>
    </ClInclude>
    <ClInclude Include="libraries\include\Vendors\stbi\stb_image.h">
      <Filter>Vendors</Filter>
    </ClInclude>
  </ItemGroup>
  <ItemGroup>
    <ClCompile Include="libraries\include\Shade Editor\Serializer.cpp" />
    <ClCompile Include="libraries\include\Shade Editor\MainLayer.cpp">
      <Filter>Layer</Filter>
    </ClCompile>
    <ClCompile Include="libraries\include\Shade Editor\MainScene.cpp">
      <Filter>Scene</Filter>
    </ClCompile>
    <ClCompile Include="libraries\include\Shade Editor\ShadeEditor.cpp">
      <Filter>Application</Filter>
    </ClCompile>
    <ClCompile Include="libraries\include\Vendors\stbi\stb_image.c">
      <Filter>Vendors</Filter>
    </ClCompile>
  </ItemGroup>
  <ItemGroup>
    <Filter Include="Scene">
      <UniqueIdentifier>{9192bb99-19d7-4a3c-bf54-5f6afc899da7}</UniqueIdentifier>
    </Filter>
    <Filter Include="Layer">
      <UniqueIdentifier>{9b8250b1-f5f4-4356-8b0a-e83961b7b041}</UniqueIdentifier>
    </Filter>
    <Filter Include="Application">
      <UniqueIdentifier>{5085ae01-a553-4a43-979e-387c742fb766}</UniqueIdentifier>
    </Filter>
    <Filter Include="Shaders">
      <UniqueIdentifier>{0192582a-01d7-4a4a-80e5-b0479045f04f}</UniqueIdentifier>
    </Filter>
    <Filter Include="Vendors">
      <UniqueIdentifier>{caf50bda-6e7f-4a80-8369-3a4455018288}</UniqueIdentifier>
    </Filter>
  </ItemGroup>
  <ItemGroup>
    <None Include="project\resources\shaders\BasicModelFragment.glsl">
      <Filter>Shaders</Filter>
    </None>
    <None Include="project\resources\shaders\BasicModelVertex.glsl">
      <Filter>Shaders</Filter>
    </None>
    <None Include="project\resources\shaders\Ligthing.glsl">
      <Filter>Shaders</Filter>
    </None>
  </ItemGroup>
</Project>